
Microsoft Visual Studio Solution File, Format Version 12.00
# Visual Studio 15
VisualStudioVersion = 15.0.25807.0
MinimumVisualStudioVersion = 10.0.40219.1
Project("{2150E333-8FDC-42A3-9474-1A3956D46DE8}") = "Engine", "Engine", "{02145C8E-4499-4CDD-A477-F78F5634910E}"
EndProject
Project("{2150E333-8FDC-42A3-9474-1A3956D46DE8}") = "Games", "Games", "{9396C34D-78CA-47B6-93A5-344C1883B91E}"
EndProject
Project("{8BC9CEB8-8B4A-11D0-8D11-00A0C91BC942}") = "Jawa", "Intermediate\ProjectFiles\Jawa.vcxproj", "{D361C91E-5179-45E7-A762-5090503BA2E7}"
EndProject
Project("{8BC9CEB8-8B4A-11D0-8D11-00A0C91BC942}") = "UE4", "Intermediate\ProjectFiles\UE4.vcxproj", "{2281E9BA-E5FE-408D-8FFE-30408A4CB03A}"
EndProject
Project("{2150E333-8FDC-42A3-9474-1A3956D46DE8}") = "Visualizers", "Visualizers", "{0FF33A0F-B309-404C-8220-5C8E83E6AF27}"
	ProjectSection(SolutionItems) = preProject
		F:\Unreal4\UE_4.24\Engine\Extras\VisualStudioDebugging\UE4.natvis = F:\Unreal4\UE_4.24\Engine\Extras\VisualStudioDebugging\UE4.natvis
	EndProjectSection
EndProject
Global
	GlobalSection(SolutionConfigurationPlatforms) = preSolution
		DebugGame Editor|Win32 = DebugGame Editor|Win32
		DebugGame Editor|Win64 = DebugGame Editor|Win64
		DebugGame|Win32 = DebugGame|Win32
		DebugGame|Win64 = DebugGame|Win64
		Development Editor|Win32 = Development Editor|Win32
		Development Editor|Win64 = Development Editor|Win64
		Development|Win32 = Development|Win32
		Development|Win64 = Development|Win64
		Shipping|Win32 = Shipping|Win32
		Shipping|Win64 = Shipping|Win64
	EndGlobalSection
	GlobalSection(ProjectConfigurationPlatforms) = postSolution
		{D361C91E-5179-45E7-A762-5090503BA2E7}.DebugGame Editor|Win32.ActiveCfg = Invalid|Win32
		{D361C91E-5179-45E7-A762-5090503BA2E7}.DebugGame Editor|Win64.ActiveCfg = DebugGame_Editor|x64
		{D361C91E-5179-45E7-A762-5090503BA2E7}.DebugGame Editor|Win64.Build.0 = DebugGame_Editor|x64
		{D361C91E-5179-45E7-A762-5090503BA2E7}.DebugGame|Win32.ActiveCfg = DebugGame|Win32
		{D361C91E-5179-45E7-A762-5090503BA2E7}.DebugGame|Win32.Build.0 = DebugGame|Win32
		{D361C91E-5179-45E7-A762-5090503BA2E7}.DebugGame|Win64.ActiveCfg = DebugGame|x64
		{D361C91E-5179-45E7-A762-5090503BA2E7}.DebugGame|Win64.Build.0 = DebugGame|x64
		{D361C91E-5179-45E7-A762-5090503BA2E7}.Development Editor|Win32.ActiveCfg = Invalid|Win32
		{D361C91E-5179-45E7-A762-5090503BA2E7}.Development Editor|Win64.ActiveCfg = Development_Editor|x64
		{D361C91E-5179-45E7-A762-5090503BA2E7}.Development Editor|Win64.Build.0 = Development_Editor|x64
		{D361C91E-5179-45E7-A762-5090503BA2E7}.Development|Win32.ActiveCfg = Development|Win32
		{D361C91E-5179-45E7-A762-5090503BA2E7}.Development|Win32.Build.0 = Development|Win32
		{D361C91E-5179-45E7-A762-5090503BA2E7}.Development|Win64.ActiveCfg = Development|x64
		{D361C91E-5179-45E7-A762-5090503BA2E7}.Development|Win64.Build.0 = Development|x64
		{D361C91E-5179-45E7-A762-5090503BA2E7}.Shipping|Win32.ActiveCfg = Shipping|Win32
		{D361C91E-5179-45E7-A762-5090503BA2E7}.Shipping|Win32.Build.0 = Shipping|Win32
		{D361C91E-5179-45E7-A762-5090503BA2E7}.Shipping|Win64.ActiveCfg = Shipping|x64
		{D361C91E-5179-45E7-A762-5090503BA2E7}.Shipping|Win64.Build.0 = Shipping|x64
		{2281E9BA-E5FE-408D-8FFE-30408A4CB03A}.DebugGame Editor|Win32.ActiveCfg = BuiltWithUnrealBuildTool|Win32
		{2281E9BA-E5FE-408D-8FFE-30408A4CB03A}.DebugGame Editor|Win64.ActiveCfg = BuiltWithUnrealBuildTool|Win32
		{2281E9BA-E5FE-408D-8FFE-30408A4CB03A}.DebugGame|Win32.ActiveCfg = BuiltWithUnrealBuildTool|Win32
		{2281E9BA-E5FE-408D-8FFE-30408A4CB03A}.DebugGame|Win64.ActiveCfg = BuiltWithUnrealBuildTool|Win32
		{2281E9BA-E5FE-408D-8FFE-30408A4CB03A}.Development Editor|Win32.ActiveCfg = BuiltWithUnrealBuildTool|Win32
		{2281E9BA-E5FE-408D-8FFE-30408A4CB03A}.Development Editor|Win64.ActiveCfg = BuiltWithUnrealBuildTool|Win32
		{2281E9BA-E5FE-408D-8FFE-30408A4CB03A}.Development|Win32.ActiveCfg = BuiltWithUnrealBuildTool|Win32
		{2281E9BA-E5FE-408D-8FFE-30408A4CB03A}.Development|Win64.ActiveCfg = BuiltWithUnrealBuildTool|Win32
		{2281E9BA-E5FE-408D-8FFE-30408A4CB03A}.Shipping|Win32.ActiveCfg = BuiltWithUnrealBuildTool|Win32
		{2281E9BA-E5FE-408D-8FFE-30408A4CB03A}.Shipping|Win64.ActiveCfg = BuiltWithUnrealBuildTool|Win32
	EndGlobalSection
	GlobalSection(SolutionProperties) = preSolution
		HideSolutionNode = FALSE
	EndGlobalSection
	GlobalSection(NestedProjects) = preSolution
		{2281E9BA-E5FE-408D-8FFE-30408A4CB03A} = {02145C8E-4499-4CDD-A477-F78F5634910E}
		{D361C91E-5179-45E7-A762-5090503BA2E7} = {9396C34D-78CA-47B6-93A5-344C1883B91E}
	EndGlobalSection
EndGlobal
